
Microsoft Visual Studio Solution File, Format Version 12.00
# Visual Studio Version 16
VisualStudioVersion = 16.0.30907.101
MinimumVisualStudioVersion = 10.0.40219.1
Project("{FAE04EC0-301F-11D3-BF4B-00C04F79EFBC}") = "WebApplication1", "WebApplication1.csproj", "{E86FA16D-D49F-4707-B2E9-5181A0D52363}"
EndProject
Global
	GlobalSection(SolutionConfigurationPlatforms) = preSolution
		Debug|Any CPU = Debug|Any CPU
		Release|Any CPU = Release|Any CPU
	EndGlobalSection
	GlobalSection(ProjectConfigurationPlatforms) = postSolution
		{E86FA16D-D49F-4707-B2E9-5181A0D52363}.Debug|Any CPU.ActiveCfg = Debug|Any CPU
		{E86FA16D-D49F-4707-B2E9-5181A0D52363}.Debug|Any CPU.Build.0 = Debug|Any CPU
		{E86FA16D-D49F-4707-B2E9-5181A0D52363}.Release|Any CPU.ActiveCfg = Release|Any CPU
		{E86FA16D-D49F-4707-B2E9-5181A0D52363}.Release|Any CPU.Build.0 = Release|Any CPU
	EndGlobalSection
	GlobalSection(SolutionProperties) = preSolution
		HideSolutionNode = FALSE
	EndGlobalSection
	GlobalSection(ExtensibilityGlobals) = postSolution
		SolutionGuid = {251F2FC2-7F9F-4FDA-AB8E-48AC7EB57FE8}
	EndGlobalSection
EndGlobal
