
Microsoft Visual Studio Solution File, Format Version 12.00
# Visual Studio 15
VisualStudioVersion = 15.0.27703.2026
MinimumVisualStudioVersion = 10.0.40219.1
Project("{FAE04EC0-301F-11D3-BF4B-00C04F79EFBC}") = "ConsoleTestFunc", "ConsoleTestFunc\ConsoleTestFunc.csproj", "{8BC87BC6-F791-480E-83D2-75F433191FC2}"
EndProject
Global
	GlobalSection(SolutionConfigurationPlatforms) = preSolution
		Debug|Any CPU = Debug|Any CPU
		Release|Any CPU = Release|Any CPU
	EndGlobalSection
	GlobalSection(ProjectConfigurationPlatforms) = postSolution
		{8BC87BC6-F791-480E-83D2-75F433191FC2}.Debug|Any CPU.ActiveCfg = Debug|Any CPU
		{8BC87BC6-F791-480E-83D2-75F433191FC2}.Debug|Any CPU.Build.0 = Debug|Any CPU
		{8BC87BC6-F791-480E-83D2-75F433191FC2}.Release|Any CPU.ActiveCfg = Release|Any CPU
		{8BC87BC6-F791-480E-83D2-75F433191FC2}.Release|Any CPU.Build.0 = Release|Any CPU
	EndGlobalSection
	GlobalSection(SolutionProperties) = preSolution
		HideSolutionNode = FALSE
	EndGlobalSection
	GlobalSection(ExtensibilityGlobals) = postSolution
		SolutionGuid = {96C7DBB8-8BE7-48AB-B331-97E07973C555}
	EndGlobalSection
EndGlobal
