
Microsoft Visual Studio Solution File, Format Version 12.00
# Visual Studio 2012
Project("{FAE04EC0-301F-11D3-BF4B-00C04F79EFBC}") = "ListBoxWithImage", "ListBoxWithImage\ListBoxWithImage.csproj", "{B53AE3A7-9CA4-4DF0-921C-1FB22333810B}"
EndProject
Project("{FAE04EC0-301F-11D3-BF4B-00C04F79EFBC}") = "WPFControlLibrary", "WPFControlLibrary\WPFControlLibrary.csproj", "{78510076-AA65-4FD0-B4FC-F45E5B541141}"
EndProject
Project("{FAE04EC0-301F-11D3-BF4B-00C04F79EFBC}") = "TestWPF", "TestWPF\TestWPF.csproj", "{05B7D288-9B64-4974-9F47-BFF9C9ADA065}"
EndProject
Global
	GlobalSection(SolutionConfigurationPlatforms) = preSolution
		Debug|Any CPU = Debug|Any CPU
		Release|Any CPU = Release|Any CPU
	EndGlobalSection
	GlobalSection(ProjectConfigurationPlatforms) = postSolution
		{B53AE3A7-9CA4-4DF0-921C-1FB22333810B}.Debug|Any CPU.ActiveCfg = Debug|Any CPU
		{B53AE3A7-9CA4-4DF0-921C-1FB22333810B}.Debug|Any CPU.Build.0 = Debug|Any CPU
		{B53AE3A7-9CA4-4DF0-921C-1FB22333810B}.Release|Any CPU.ActiveCfg = Release|Any CPU
		{B53AE3A7-9CA4-4DF0-921C-1FB22333810B}.Release|Any CPU.Build.0 = Release|Any CPU
		{78510076-AA65-4FD0-B4FC-F45E5B541141}.Debug|Any CPU.ActiveCfg = Debug|Any CPU
		{78510076-AA65-4FD0-B4FC-F45E5B541141}.Debug|Any CPU.Build.0 = Debug|Any CPU
		{78510076-AA65-4FD0-B4FC-F45E5B541141}.Release|Any CPU.ActiveCfg = Release|Any CPU
		{78510076-AA65-4FD0-B4FC-F45E5B541141}.Release|Any CPU.Build.0 = Release|Any CPU
		{05B7D288-9B64-4974-9F47-BFF9C9ADA065}.Debug|Any CPU.ActiveCfg = Debug|Any CPU
		{05B7D288-9B64-4974-9F47-BFF9C9ADA065}.Debug|Any CPU.Build.0 = Debug|Any CPU
		{05B7D288-9B64-4974-9F47-BFF9C9ADA065}.Release|Any CPU.ActiveCfg = Release|Any CPU
		{05B7D288-9B64-4974-9F47-BFF9C9ADA065}.Release|Any CPU.Build.0 = Release|Any CPU
	EndGlobalSection
	GlobalSection(SolutionProperties) = preSolution
		HideSolutionNode = FALSE
	EndGlobalSection
EndGlobal
