
Microsoft Visual Studio Solution File, Format Version 12.00
# Visual Studio 15
VisualStudioVersion = 15.0.28307.329
MinimumVisualStudioVersion = 10.0.40219.1
Project("{FAE04EC0-301F-11D3-BF4B-00C04F79EFBC}") = "WebApplication1", "WebApplication1\WebApplication1.csproj", "{12BB1C2D-FDC5-43F6-89B7-849B37CCD3AD}"
EndProject
Global
	GlobalSection(SolutionConfigurationPlatforms) = preSolution
		Debug|Any CPU = Debug|Any CPU
		Release|Any CPU = Release|Any CPU
	EndGlobalSection
	GlobalSection(ProjectConfigurationPlatforms) = postSolution
		{12BB1C2D-FDC5-43F6-89B7-849B37CCD3AD}.Debug|Any CPU.ActiveCfg = Debug|Any CPU
		{12BB1C2D-FDC5-43F6-89B7-849B37CCD3AD}.Debug|Any CPU.Build.0 = Debug|Any CPU
		{12BB1C2D-FDC5-43F6-89B7-849B37CCD3AD}.Release|Any CPU.ActiveCfg = Release|Any CPU
		{12BB1C2D-FDC5-43F6-89B7-849B37CCD3AD}.Release|Any CPU.Build.0 = Release|Any CPU
	EndGlobalSection
	GlobalSection(SolutionProperties) = preSolution
		HideSolutionNode = FALSE
	EndGlobalSection
	GlobalSection(ExtensibilityGlobals) = postSolution
		SolutionGuid = {526B00F4-ED59-4EE1-9804-E4591A80EB37}
	EndGlobalSection
EndGlobal
