
Microsoft Visual Studio Solution File, Format Version 12.00
# Visual Studio 15
VisualStudioVersion = 15.0.28307.329
MinimumVisualStudioVersion = 10.0.40219.1
Project("{FAE04EC0-301F-11D3-BF4B-00C04F79EFBC}") = "WebApplication1", "WebApplication1\WebApplication1.csproj", "{D298D508-025C-405A-8BF8-BC6FA150A169}"
EndProject
Global
	GlobalSection(SolutionConfigurationPlatforms) = preSolution
		Debug|Any CPU = Debug|Any CPU
		Release|Any CPU = Release|Any CPU
	EndGlobalSection
	GlobalSection(ProjectConfigurationPlatforms) = postSolution
		{D298D508-025C-405A-8BF8-BC6FA150A169}.Debug|Any CPU.ActiveCfg = Debug|Any CPU
		{D298D508-025C-405A-8BF8-BC6FA150A169}.Debug|Any CPU.Build.0 = Debug|Any CPU
		{D298D508-025C-405A-8BF8-BC6FA150A169}.Release|Any CPU.ActiveCfg = Release|Any CPU
		{D298D508-025C-405A-8BF8-BC6FA150A169}.Release|Any CPU.Build.0 = Release|Any CPU
	EndGlobalSection
	GlobalSection(SolutionProperties) = preSolution
		HideSolutionNode = FALSE
	EndGlobalSection
	GlobalSection(ExtensibilityGlobals) = postSolution
		SolutionGuid = {6651816D-36EF-430B-9C57-0B2CD1065576}
	EndGlobalSection
EndGlobal
