
Microsoft Visual Studio Solution File, Format Version 12.00
# Visual Studio 15
VisualStudioVersion = 15.0.27703.2026
MinimumVisualStudioVersion = 10.0.40219.1
Project("{FAE04EC0-301F-11D3-BF4B-00C04F79EFBC}") = "ConsoleApp1", "ConsoleApp1\ConsoleApp1.csproj", "{8B9256C9-E5A6-473D-B903-C17897BFA8BA}"
EndProject
Global
	GlobalSection(SolutionConfigurationPlatforms) = preSolution
		Debug|Any CPU = Debug|Any CPU
		Release|Any CPU = Release|Any CPU
	EndGlobalSection
	GlobalSection(ProjectConfigurationPlatforms) = postSolution
		{8B9256C9-E5A6-473D-B903-C17897BFA8BA}.Debug|Any CPU.ActiveCfg = Debug|Any CPU
		{8B9256C9-E5A6-473D-B903-C17897BFA8BA}.Debug|Any CPU.Build.0 = Debug|Any CPU
		{8B9256C9-E5A6-473D-B903-C17897BFA8BA}.Release|Any CPU.ActiveCfg = Release|Any CPU
		{8B9256C9-E5A6-473D-B903-C17897BFA8BA}.Release|Any CPU.Build.0 = Release|Any CPU
	EndGlobalSection
	GlobalSection(SolutionProperties) = preSolution
		HideSolutionNode = FALSE
	EndGlobalSection
	GlobalSection(ExtensibilityGlobals) = postSolution
		SolutionGuid = {1510D53F-B963-4C66-A4C6-EAC036FEF2E3}
	EndGlobalSection
EndGlobal
